
Microsoft Visual Studio Solution File, Format Version 12.00
# Visual Studio Version 17
VisualStudioVersion = 17.0.31903.59
MinimumVisualStudioVersion = 10.0.40219.1
Project("{9A19103F-16F7-4668-BE54-9A1E7A4F7556}") = "Imagegram.Api", "Imagegram.Api\Imagegram.Api.csproj", "{A8804974-7DB2-448B-A6A7-D92E6BBF04B0}"
EndProject
Project("{9A19103F-16F7-4668-BE54-9A1E7A4F7556}") = "Imagegram.Database", "Imagegram.Database\Imagegram.Database.csproj", "{0CA77CE0-2B43-40A1-A7B1-669A12D61565}"
EndProject
Project("{9A19103F-16F7-4668-BE54-9A1E7A4F7556}") = "Imagegram.Tests", "Imagegram.Tests\Imagegram.Tests.csproj", "{59D09AF8-4EAB-44DB-A2FA-6C9184EDAED8}"
EndProject
Project("{2150E333-8FDC-42A3-9474-1A3956D46DE8}") = "Solution Items", "Solution Items", "{4F38FA79-AA17-42DD-A162-E74A14BF326B}"
	ProjectSection(SolutionItems) = preProject
		.editorconfig = .editorconfig
	EndProjectSection
EndProject
Global
	GlobalSection(SolutionConfigurationPlatforms) = preSolution
		Debug|Any CPU = Debug|Any CPU
		Release|Any CPU = Release|Any CPU
	EndGlobalSection
	GlobalSection(ProjectConfigurationPlatforms) = postSolution
		{A8804974-7DB2-448B-A6A7-D92E6BBF04B0}.Debug|Any CPU.ActiveCfg = Debug|Any CPU
		{A8804974-7DB2-448B-A6A7-D92E6BBF04B0}.Debug|Any CPU.Build.0 = Debug|Any CPU
		{A8804974-7DB2-448B-A6A7-D92E6BBF04B0}.Release|Any CPU.ActiveCfg = Release|Any CPU
		{A8804974-7DB2-448B-A6A7-D92E6BBF04B0}.Release|Any CPU.Build.0 = Release|Any CPU
		{0CA77CE0-2B43-40A1-A7B1-669A12D61565}.Debug|Any CPU.ActiveCfg = Debug|Any CPU
		{0CA77CE0-2B43-40A1-A7B1-669A12D61565}.Debug|Any CPU.Build.0 = Debug|Any CPU
		{0CA77CE0-2B43-40A1-A7B1-669A12D61565}.Release|Any CPU.ActiveCfg = Release|Any CPU
		{0CA77CE0-2B43-40A1-A7B1-669A12D61565}.Release|Any CPU.Build.0 = Release|Any CPU
		{59D09AF8-4EAB-44DB-A2FA-6C9184EDAED8}.Debug|Any CPU.ActiveCfg = Debug|Any CPU
		{59D09AF8-4EAB-44DB-A2FA-6C9184EDAED8}.Debug|Any CPU.Build.0 = Debug|Any CPU
		{59D09AF8-4EAB-44DB-A2FA-6C9184EDAED8}.Release|Any CPU.ActiveCfg = Release|Any CPU
		{59D09AF8-4EAB-44DB-A2FA-6C9184EDAED8}.Release|Any CPU.Build.0 = Release|Any CPU
	EndGlobalSection
	GlobalSection(SolutionProperties) = preSolution
		HideSolutionNode = FALSE
	EndGlobalSection
	GlobalSection(ExtensibilityGlobals) = postSolution
		SolutionGuid = {24F85836-BD1C-490F-B67D-360CE73D52B4}
	EndGlobalSection
EndGlobal
